
Microsoft Visual Studio Solution File, Format Version 12.00
# Visual Studio Version 16
VisualStudioVersion = 16.0.30204.135
MinimumVisualStudioVersion = 10.0.40219.1
Project("{FAE04EC0-301F-11D3-BF4B-00C04F79EFBC}") = "DecoratorPattern", "DecoratorPattern\DecoratorPattern.csproj", "{C9724E6D-5284-433D-AF23-6F976DD627FC}"
EndProject
Global
	GlobalSection(SolutionConfigurationPlatforms) = preSolution
		Debug|Any CPU = Debug|Any CPU
		Release|Any CPU = Release|Any CPU
	EndGlobalSection
	GlobalSection(ProjectConfigurationPlatforms) = postSolution
		{C9724E6D-5284-433D-AF23-6F976DD627FC}.Debug|Any CPU.ActiveCfg = Debug|Any CPU
		{C9724E6D-5284-433D-AF23-6F976DD627FC}.Debug|Any CPU.Build.0 = Debug|Any CPU
		{C9724E6D-5284-433D-AF23-6F976DD627FC}.Release|Any CPU.ActiveCfg = Release|Any CPU
		{C9724E6D-5284-433D-AF23-6F976DD627FC}.Release|Any CPU.Build.0 = Release|Any CPU
	EndGlobalSection
	GlobalSection(SolutionProperties) = preSolution
		HideSolutionNode = FALSE
	EndGlobalSection
	GlobalSection(ExtensibilityGlobals) = postSolution
		SolutionGuid = {542AFE51-E274-4A8C-B51A-C3907C1B6333}
	EndGlobalSection
EndGlobal
